PODS:
  - Flutter (1.0.0)
  - flutter_dynamic_icon_plus (1.0.0):
    - Flutter
    - SwiftTryCatch
  - flutter_keyboard_visibility (0.0.1):
    - Flutter
  - geolocator_apple (1.2.0):
    - Flutter
  - ObjectBox (4.1.0)
  - objectbox_flutter_libs (0.0.1):
    - Flutter
    - ObjectBox (= 4.1.0)
  - SwiftTryCatch (0.0.1)

DEPENDENCIES:
  - Flutter (from `Flutter`)
  - flutter_dynamic_icon_plus (from `.symlinks/plugins/flutter_dynamic_icon_plus/ios`)
  - flutter_keyboard_visibility (from `.symlinks/plugins/flutter_keyboard_visibility/ios`)
  - geolocator_apple (from `.symlinks/plugins/geolocator_apple/ios`)
  - objectbox_flutter_libs (from `.symlinks/plugins/objectbox_flutter_libs/ios`)

SPEC REPOS:
  trunk:
    - ObjectBox
    - SwiftTryCatch

EXTERNAL SOURCES:
  Flutter:
    :path: Flutter
  flutter_dynamic_icon_plus:
    :path: ".symlinks/plugins/flutter_dynamic_icon_plus/ios"
  flutter_keyboard_visibility:
    :path: ".symlinks/plugins/flutter_keyboard_visibility/ios"
  geolocator_apple:
    :path: ".symlinks/plugins/geolocator_apple/ios"
  objectbox_flutter_libs:
    :path: ".symlinks/plugins/objectbox_flutter_libs/ios"

SPEC CHECKSUMS:
  Flutter: e0871f40cf51350855a761d2e70bf5af5b9b5de7
  flutter_dynamic_icon_plus: 3ddd12bc2316b98ffdd4048e9cdd3cf51e02095d
  flutter_keyboard_visibility: 4625131e43015dbbe759d9b20daaf77e0e3f6619
  geolocator_apple: 1560c3c875af2a412242c7a923e15d0d401966ff
  ObjectBox: bf3d4b51075d52868422d5d1f2f2141b1d630d30
  objectbox_flutter_libs: e912f15beff5699f1e184dbd2ff6aa5657464e73
  SwiftTryCatch: fb6d2b34abe48efd69578dac919293a44f95b481

PODFILE CHECKSUM: 4d14e87b7a27c32224c4ff9f8d20f1eb4a2a2798

COCOAPODS: 1.16.2
